// !$*UTF8*$!
{
	archiveVersion = 1;
	classes = {
	};
	objectVersion = 46;
	objects = {

/* Begin PBXBuildFile section */
		AAC8404C1C28831D0014DD39 /* RLRDataController.m in Sources */ = {isa = PBXBuildFile; fileRef = AAC8404B1C28831D0014DD39 /* RLRDataController.m */; };
		AACBCF4E1C223ADD0013B46A /* Default-568h@2x.png in Resources */ = {isa = PBXBuildFile; fileRef = AACBCF4D1C223ADD0013B46A /* Default-568h@2x.png */; };
		AACBCF541C223F570013B46A /* RLRGamesTableViewController.m in Sources */ = {isa = PBXBuildFile; fileRef = AACBCF531C223F570013B46A /* RLRGamesTableViewController.m */; };
		AACBCF571C223F6D0013B46A /* RLRHotkeysTableViewController.m in Sources */ = {isa = PBXBuildFile; fileRef = AACBCF561C223F6D0013B46A /* RLRHotkeysTableViewController.m */; };
		AACBCF5D1C2268780013B46A /* Model.xcdatamodeld in Sources */ = {isa = PBXBuildFile; fileRef = AACBCF5B1C2268780013B46A /* Model.xcdatamodeld */; };
		AACBCF611C226B500013B46A /* RLRWelcomeTableViewController.m in Sources */ = {isa = PBXBuildFile; fileRef = AACBCF5F1C226B500013B46A /* RLRWelcomeTableViewController.m */; };
		AACBCF641C226D670013B46A /* Storyboard.storyboard in Resources */ = {isa = PBXBuildFile; fileRef = AACBCF631C226D670013B46A /* Storyboard.storyboard */; };
		AACBCF6B1C2294780013B46A /* RLRGame.m in Sources */ = {isa = PBXBuildFile; fileRef = AACBCF6A1C2294780013B46A /* RLRGame.m */; };
		AACBCF6E1C2295560013B46A /* RLRHotkey.m in Sources */ = {isa = PBXBuildFile; fileRef = AACBCF6D1C2295560013B46A /* RLRHotkey.m */; };
		AAEFE8171C2231200001076A /* main.m in Sources */ = {isa = PBXBuildFile; fileRef = AAEFE8161C2231200001076A /* main.m */; };
		AAEFE81A1C2231200001076A /* AppDelegate.m in Sources */ = {isa = PBXBuildFile; fileRef = AAEFE8191C2231200001076A /* AppDelegate.m */; };
		AAEFE81F1C2231200001076A /* Assets.xcassets in Resources */ = {isa = PBXBuildFile; fileRef = AAEFE81E1C2231200001076A /* Assets.xcassets */; };
		AAEFE82D1C2231200001076A /* VideoGameHotkeysTests.m in Sources */ = {isa = PBXBuildFile; fileRef = AAEFE82C1C2231200001076A /* VideoGameHotkeysTests.m */; };
		AAEFE8381C2231210001076A /* VideoGameHotkeysUITests.m in Sources */ = {isa = PBXBuildFile; fileRef = AAEFE8371C2231210001076A /* VideoGameHotkeysUITests.m */; };
/* End PBXBuildFile section */

/* Begin PBXContainerItemProxy section */
		AAEFE8291C2231200001076A /* PBXContainerItemProxy */ = {
			isa = PBXContainerItemProxy;
			containerPortal = AAEFE80A1C2231200001076A /* Project object */;
			proxyType = 1;
			remoteGlobalIDString = AAEFE8111C2231200001076A;
			remoteInfo = VideoGameHotkeys;
		};
		AAEFE8341C2231200001076A /* PBXContainerItemProxy */ = {
			isa = PBXContainerItemProxy;
			containerPortal = AAEFE80A1C2231200001076A /* Project object */;
			proxyType = 1;
			remoteGlobalIDString = AAEFE8111C2231200001076A;
			remoteInfo = VideoGameHotkeys;
		};
/* End PBXContainerItemProxy section */

/* Begin PBXFileReference section */
		AAC8404A1C28831C0014DD39 /* RLRDataController.h */ = {isa = PBXFileReference; fileEncoding = 4; lastKnownFileType = sourcecode.c.h; path = RLRDataController.h; sourceTree = "<group>"; };
		AAC8404B1C28831D0014DD39 /* RLRDataController.m */ = {isa = PBXFileReference; fileEncoding = 4; lastKnownFileType = sourcecode.c.objc; path = RLRDataController.m; sourceTree = "<group>"; };
		AACBCF4D1C223ADD0013B46A /* Default-568h@2x.png */ = {isa = PBXFileReference; lastKnownFileType = image.png; path = "Default-568h@2x.png"; sourceTree = "<group>"; };
		AACBCF521C223F570013B46A /* RLRGamesTableViewController.h */ = {isa = PBXFileReference; fileEncoding = 4; lastKnownFileType = sourcecode.c.h; path = RLRGamesTableViewController.h; sourceTree = "<group>"; };
		AACBCF531C223F570013B46A /* RLRGamesTableViewController.m */ = {isa = PBXFileReference; fileEncoding = 4; lastKnownFileType = sourcecode.c.objc; path = RLRGamesTableViewController.m; sourceTree = "<group>"; };
		AACBCF551C223F6D0013B46A /* RLRHotkeysTableViewController.h */ = {isa = PBXFileReference; fileEncoding = 4; lastKnownFileType = sourcecode.c.h; path = RLRHotkeysTableViewController.h; sourceTree = "<group>"; };
		AACBCF561C223F6D0013B46A /* RLRHotkeysTableViewController.m */ = {isa = PBXFileReference; fileEncoding = 4; lastKnownFileType = sourcecode.c.objc; path = RLRHotkeysTableViewController.m; sourceTree = "<group>"; };
		AACBCF5C1C2268780013B46A /* Model.xcdatamodel */ = {isa = PBXFileReference; lastKnownFileType = wrapper.xcdatamodel; path = Model.xcdatamodel; sourceTree = "<group>"; };
		AACBCF5E1C226B500013B46A /* RLRWelcomeTableViewController.h */ = {isa = PBXFileReference; fileEncoding = 4; lastKnownFileType = sourcecode.c.h; path = RLRWelcomeTableViewController.h; sourceTree = "<group>"; };
		AACBCF5F1C226B500013B46A /* RLRWelcomeTableViewController.m */ = {isa = PBXFileReference; fileEncoding = 4; lastKnownFileType = sourcecode.c.objc; path = RLRWelcomeTableViewController.m; sourceTree = "<group>"; };
		AACBCF631C226D670013B46A /* Storyboard.storyboard */ = {isa = PBXFileReference; fileEncoding = 4; lastKnownFileType = file.storyboard; path = Storyboard.storyboard; sourceTree = "<group>"; };
		AACBCF691C2294780013B46A /* RLRGame.h */ = {isa = PBXFileReference; fileEncoding = 4; lastKnownFileType = sourcecode.c.h; path = RLRGame.h; sourceTree = "<group>"; };
		AACBCF6A1C2294780013B46A /* RLRGame.m */ = {isa = PBXFileReference; fileEncoding = 4; lastKnownFileType = sourcecode.c.objc; path = RLRGame.m; sourceTree = "<group>"; };
		AACBCF6C1C2295560013B46A /* RLRHotkey.h */ = {isa = PBXFileReference; fileEncoding = 4; lastKnownFileType = sourcecode.c.h; path = RLRHotkey.h; sourceTree = "<group>"; };
		AACBCF6D1C2295560013B46A /* RLRHotkey.m */ = {isa = PBXFileReference; fileEncoding = 4; lastKnownFileType = sourcecode.c.objc; path = RLRHotkey.m; sourceTree = "<group>"; };
		AAEFE8121C2231200001076A /* VideoGameHotkeys.app */ = {isa = PBXFileReference; explicitFileType = wrapper.application; includeInIndex = 0; path = VideoGameHotkeys.app; sourceTree = BUILT_PRODUCTS_DIR; };
		AAEFE8161C2231200001076A /* main.m */ = {isa = PBXFileReference; lastKnownFileType = sourcecode.c.objc; path = main.m; sourceTree = "<group>"; };
		AAEFE8181C2231200001076A /* AppDelegate.h */ = {isa = PBXFileReference; lastKnownFileType = sourcecode.c.h; path = AppDelegate.h; sourceTree = "<group>"; };
		AAEFE8191C2231200001076A /* AppDelegate.m */ = {isa = PBXFileReference; lastKnownFileType = sourcecode.c.objc; path = AppDelegate.m; sourceTree = "<group>"; };
		AAEFE81E1C2231200001076A /* Assets.xcassets */ = {isa = PBXFileReference; lastKnownFileType = folder.assetcatalog; path = Assets.xcassets; sourceTree = "<group>"; };
		AAEFE8231C2231200001076A /* Info.plist */ = {isa = PBXFileReference; lastKnownFileType = text.plist.xml; path = Info.plist; sourceTree = "<group>"; };
		AAEFE8281C2231200001076A /* VideoGameHotkeysTests.xctest */ = {isa = PBXFileReference; explicitFileType = wrapper.cfbundle; includeInIndex = 0; path = VideoGameHotkeysTests.xctest; sourceTree = BUILT_PRODUCTS_DIR; };
		AAEFE82C1C2231200001076A /* VideoGameHotkeysTests.m */ = {isa = PBXFileReference; lastKnownFileType = sourcecode.c.objc; path = VideoGameHotkeysTests.m; sourceTree = "<group>"; };
		AAEFE82E1C2231200001076A /* Info.plist */ = {isa = PBXFileReference; lastKnownFileType = text.plist.xml; path = Info.plist; sourceTree = "<group>"; };
		AAEFE8331C2231200001076A /* VideoGameHotkeysUITests.xctest */ = {isa = PBXFileReference; explicitFileType = wrapper.cfbundle; includeInIndex = 0; path = VideoGameHotkeysUITests.xctest; sourceTree = BUILT_PRODUCTS_DIR; };
		AAEFE8371C2231210001076A /* VideoGameHotkeysUITests.m */ = {isa = PBXFileReference; lastKnownFileType = sourcecode.c.objc; path = VideoGameHotkeysUITests.m; sourceTree = "<group>"; };
		AAEFE8391C2231210001076A /* Info.plist */ = {isa = PBXFileReference; lastKnownFileType = text.plist.xml; path = Info.plist; sourceTree = "<group>"; };
/* End PBXFileReference section */

/* Begin PBXFrameworksBuildPhase section */
		AAEFE80F1C2231200001076A /* Frameworks */ = {
			isa = PBXFrameworksBuildPhase;
			buildActionMask = 2147483647;
			files = (
			);
			runOnlyForDeploymentPostprocessing = 0;
		};
		AAEFE8251C2231200001076A /* Frameworks */ = {
			isa = PBXFrameworksBuildPhase;
			buildActionMask = 2147483647;
			files = (
			);
			runOnlyForDeploymentPostprocessing = 0;
		};
		AAEFE8301C2231200001076A /* Frameworks */ = {
			isa = PBXFrameworksBuildPhase;
			buildActionMask = 2147483647;
			files = (
			);
			runOnlyForDeploymentPostprocessing = 0;
		};
/* End PBXFrameworksBuildPhase section */

/* Begin PBXGroup section */
		AACBCF681C22943B0013B46A /* TableViewControllers */ = {
			isa = PBXGroup;
			children = (
				AACBCF5E1C226B500013B46A /* RLRWelcomeTableViewController.h */,
				AACBCF5F1C226B500013B46A /* RLRWelcomeTableViewController.m */,
				AACBCF521C223F570013B46A /* RLRGamesTableViewController.h */,
				AACBCF531C223F570013B46A /* RLRGamesTableViewController.m */,
				AACBCF551C223F6D0013B46A /* RLRHotkeysTableViewController.h */,
				AACBCF561C223F6D0013B46A /* RLRHotkeysTableViewController.m */,
			);
			name = TableViewControllers;
			sourceTree = "<group>";
		};
		AACBCF6F1C22958F0013B46A /* Data */ = {
			isa = PBXGroup;
			children = (
				AAC8404A1C28831C0014DD39 /* RLRDataController.h */,
				AAC8404B1C28831D0014DD39 /* RLRDataController.m */,
				AACBCF691C2294780013B46A /* RLRGame.h */,
				AACBCF6A1C2294780013B46A /* RLRGame.m */,
				AACBCF6C1C2295560013B46A /* RLRHotkey.h */,
				AACBCF6D1C2295560013B46A /* RLRHotkey.m */,
			);
			name = Data;
			sourceTree = "<group>";
		};
		AAEFE8091C2231200001076A = {
			isa = PBXGroup;
			children = (
				AACBCF5B1C2268780013B46A /* Model.xcdatamodeld */,
				AACBCF4D1C223ADD0013B46A /* Default-568h@2x.png */,
				AAEFE8141C2231200001076A /* VideoGameHotkeys */,
				AAEFE82B1C2231200001076A /* VideoGameHotkeysTests */,
				AAEFE8361C2231210001076A /* VideoGameHotkeysUITests */,
				AAEFE8131C2231200001076A /* Products */,
			);
			sourceTree = "<group>";
		};
		AAEFE8131C2231200001076A /* Products */ = {
			isa = PBXGroup;
			children = (
				AAEFE8121C2231200001076A /* VideoGameHotkeys.app */,
				AAEFE8281C2231200001076A /* VideoGameHotkeysTests.xctest */,
				AAEFE8331C2231200001076A /* VideoGameHotkeysUITests.xctest */,
			);
			name = Products;
			sourceTree = "<group>";
		};
		AAEFE8141C2231200001076A /* VideoGameHotkeys */ = {
			isa = PBXGroup;
			children = (
				AAEFE8181C2231200001076A /* AppDelegate.h */,
				AAEFE8191C2231200001076A /* AppDelegate.m */,
				AACBCF6F1C22958F0013B46A /* Data */,
				AACBCF681C22943B0013B46A /* TableViewControllers */,
				AACBCF631C226D670013B46A /* Storyboard.storyboard */,
				AAEFE81E1C2231200001076A /* Assets.xcassets */,
				AAEFE8231C2231200001076A /* Info.plist */,
				AAEFE8151C2231200001076A /* Supporting Files */,
			);
			path = VideoGameHotkeys;
			sourceTree = "<group>";
		};
		AAEFE8151C2231200001076A /* Supporting Files */ = {
			isa = PBXGroup;
			children = (
				AAEFE8161C2231200001076A /* main.m */,
			);
			name = "Supporting Files";
			sourceTree = "<group>";
		};
		AAEFE82B1C2231200001076A /* VideoGameHotkeysTests */ = {
			isa = PBXGroup;
			children = (
				AAEFE82C1C2231200001076A /* VideoGameHotkeysTests.m */,
				AAEFE82E1C2231200001076A /* Info.plist */,
			);
			path = VideoGameHotkeysTests;
			sourceTree = "<group>";
		};
		AAEFE8361C2231210001076A /* VideoGameHotkeysUITests */ = {
			isa = PBXGroup;
			children = (
				AAEFE8371C2231210001076A /* VideoGameHotkeysUITests.m */,
				AAEFE8391C2231210001076A /* Info.plist */,
			);
			path = VideoGameHotkeysUITests;
			sourceTree = "<group>";
		};
/* End PBXGroup section */

/* Begin PBXNativeTarget section */
		AAEFE8111C2231200001076A /* VideoGameHotkeys */ = {
			isa = PBXNativeTarget;
			buildConfigurationList = AAEFE83C1C2231210001076A /* Build configuration list for PBXNativeTarget "VideoGameHotkeys" */;
			buildPhases = (
				AAEFE80E1C2231200001076A /* Sources */,
				AAEFE80F1C2231200001076A /* Frameworks */,
				AAEFE8101C2231200001076A /* Resources */,
			);
			buildRules = (
			);
			dependencies = (
			);
			name = VideoGameHotkeys;
			productName = VideoGameHotkeys;
			productReference = AAEFE8121C2231200001076A /* VideoGameHotkeys.app */;
			productType = "com.apple.product-type.application";
		};
		AAEFE8271C2231200001076A /* VideoGameHotkeysTests */ = {
			isa = PBXNativeTarget;
			buildConfigurationList = AAEFE83F1C2231210001076A /* Build configuration list for PBXNativeTarget "VideoGameHotkeysTests" */;
			buildPhases = (
				AAEFE8241C2231200001076A /* Sources */,
				AAEFE8251C2231200001076A /* Frameworks */,
				AAEFE8261C2231200001076A /* Resources */,
			);
			buildRules = (
			);
			dependencies = (
				AAEFE82A1C2231200001076A /* PBXTargetDependency */,
			);
			name = VideoGameHotkeysTests;
			productName = VideoGameHotkeysTests;
			productReference = AAEFE8281C2231200001076A /* VideoGameHotkeysTests.xctest */;
			productType = "com.apple.product-type.bundle.unit-test";
		};
		AAEFE8321C2231200001076A /* VideoGameHotkeysUITests */ = {
			isa = PBXNativeTarget;
			buildConfigurationList = AAEFE8421C2231210001076A /* Build configuration list for PBXNativeTarget "VideoGameHotkeysUITests" */;
			buildPhases = (
				AAEFE82F1C2231200001076A /* Sources */,
				AAEFE8301C2231200001076A /* Frameworks */,
				AAEFE8311C2231200001076A /* Resources */,
			);
			buildRules = (
			);
			dependencies = (
				AAEFE8351C2231200001076A /* PBXTargetDependency */,
			);
			name = VideoGameHotkeysUITests;
			productName = VideoGameHotkeysUITests;
			productReference = AAEFE8331C2231200001076A /* VideoGameHotkeysUITests.xctest */;
			productType = "com.apple.product-type.bundle.ui-testing";
		};
/* End PBXNativeTarget section */

/* Begin PBXProject section */
		AAEFE80A1C2231200001076A /* Project object */ = {
			isa = PBXProject;
			attributes = {
				LastUpgradeCheck = 0720;
				ORGANIZATIONNAME = "Robert Reeves II";
				TargetAttributes = {
					AAEFE8111C2231200001076A = {
						CreatedOnToolsVersion = 7.2;
					};
					AAEFE8271C2231200001076A = {
						CreatedOnToolsVersion = 7.2;
						TestTargetID = AAEFE8111C2231200001076A;
					};
					AAEFE8321C2231200001076A = {
						CreatedOnToolsVersion = 7.2;
						TestTargetID = AAEFE8111C2231200001076A;
					};
				};
			};
			buildConfigurationList = AAEFE80D1C2231200001076A /* Build configuration list for PBXProject "VideoGameHotkeys" */;
			compatibilityVersion = "Xcode 3.2";
			developmentRegion = English;
			hasScannedForEncodings = 0;
			knownRegions = (
				en,
				Base,
			);
			mainGroup = AAEFE8091C2231200001076A;
			productRefGroup = AAEFE8131C2231200001076A /* Products */;
			projectDirPath = "";
			projectRoot = "";
			targets = (
				AAEFE8111C2231200001076A /* VideoGameHotkeys */,
				AAEFE8271C2231200001076A /* VideoGameHotkeysTests */,
				AAEFE8321C2231200001076A /* VideoGameHotkeysUITests */,
			);
		};
/* End PBXProject section */

/* Begin PBXResourcesBuildPhase section */
		AAEFE8101C2231200001076A /* Resources */ = {
			isa = PBXResourcesBuildPhase;
			buildActionMask = 2147483647;
			files = (
				AAEFE81F1C2231200001076A /* Assets.xcassets in Resources */,
				AACBCF641C226D670013B46A /* Storyboard.storyboard in Resources */,
				AACBCF4E1C223ADD0013B46A /* Default-568h@2x.png in Resources */,
			);
			runOnlyForDeploymentPostprocessing = 0;
		};
		AAEFE8261C2231200001076A /* Resources */ = {
			isa = PBXResourcesBuildPhase;
			buildActionMask = 2147483647;
			files = (
			);
			runOnlyForDeploymentPostprocessing = 0;
		};
		AAEFE8311C2231200001076A /* Resources */ = {
			isa = PBXResourcesBuildPhase;
			buildActionMask = 2147483647;
			files = (
			);
			runOnlyForDeploymentPostprocessing = 0;
		};
/* End PBXResourcesBuildPhase section */

/* Begin PBXSourcesBuildPhase section */
		AAEFE80E1C2231200001076A /* Sources */ = {
			isa = PBXSourcesBuildPhase;
			buildActionMask = 2147483647;
			files = (
				AACBCF6E1C2295560013B46A /* RLRHotkey.m in Sources */,
				AACBCF541C223F570013B46A /* RLRGamesTableViewController.m in Sources */,
				AACBCF5D1C2268780013B46A /* Model.xcdatamodeld in Sources */,
				AACBCF571C223F6D0013B46A /* RLRHotkeysTableViewController.m in Sources */,
				AACBCF6B1C2294780013B46A /* RLRGame.m in Sources */,
				AACBCF611C226B500013B46A /* RLRWelcomeTableViewController.m in Sources */,
				AAC8404C1C28831D0014DD39 /* RLRDataController.m in Sources */,
				AAEFE81A1C2231200001076A /* AppDelegate.m in Sources */,
				AAEFE8171C2231200001076A /* main.m in Sources */,
			);
			runOnlyForDeploymentPostprocessing = 0;
		};
		AAEFE8241C2231200001076A /* Sources */ = {
			isa = PBXSourcesBuildPhase;
			buildActionMask = 2147483647;
			files = (
				AAEFE82D1C2231200001076A /* VideoGameHotkeysTests.m in Sources */,
			);
			runOnlyForDeploymentPostprocessing = 0;
		};
		AAEFE82F1C2231200001076A /* Sources */ = {
			isa = PBXSourcesBuildPhase;
			buildActionMask = 2147483647;
			files = (
				AAEFE8381C2231210001076A /* VideoGameHotkeysUITests.m in Sources */,
			);
			runOnlyForDeploymentPostprocessing = 0;
		};
/* End PBXSourcesBuildPhase section */

/* Begin PBXTargetDependency section */
		AAEFE82A1C2231200001076A /* PBXTargetDependency */ = {
			isa = PBXTargetDependency;
			target = AAEFE8111C2231200001076A /* VideoGameHotkeys */;
			targetProxy = AAEFE8291C2231200001076A /* PBXContainerItemProxy */;
		};
		AAEFE8351C2231200001076A /* PBXTargetDependency */ = {
			isa = PBXTargetDependency;
			target = AAEFE8111C2231200001076A /* VideoGameHotkeys */;
			targetProxy = AAEFE8341C2231200001076A /* PBXContainerItemProxy */;
		};
/* End PBXTargetDependency section */

/* Begin XCBuildConfiguration section */
		AAEFE83A1C2231210001076A /* Debug */ = {
			isa = XCBuildConfiguration;
			buildSettings = {
				ALWAYS_SEARCH_USER_PATHS = NO;
				CLANG_CXX_LANGUAGE_STANDARD = "gnu++0x";
				CLANG_CXX_LIBRARY = "libc++";
				CLANG_ENABLE_MODULES = YES;
				CLANG_ENABLE_OBJC_ARC = YES;
				CLANG_WARN_BOOL_CONVERSION = YES;
				CLANG_WARN_CONSTANT_CONVERSION = YES;
				CLANG_WARN_DIRECT_OBJC_ISA_USAGE = YES_ERROR;
				CLANG_WARN_EMPTY_BODY = YES;
				CLANG_WARN_ENUM_CONVERSION = YES;
				CLANG_WARN_INT_CONVERSION = YES;
				CLANG_WARN_OBJC_ROOT_CLASS = YES_ERROR;
				CLANG_WARN_UNREACHABLE_CODE = YES;
				CLANG_WARN__DUPLICATE_METHOD_MATCH = YES;
				"CODE_SIGN_IDENTITY[sdk=iphoneos*]" = "iPhone Developer";
				COPY_PHASE_STRIP = NO;
				DEBUG_INFORMATION_FORMAT = dwarf;
				ENABLE_STRICT_OBJC_MSGSEND = YES;
				ENABLE_TESTABILITY = YES;
				GCC_C_LANGUAGE_STANDARD = gnu99;
				GCC_DYNAMIC_NO_PIC = NO;
				GCC_NO_COMMON_BLOCKS = YES;
				GCC_OPTIMIZATION_LEVEL = 0;
				GCC_PREPROCESSOR_DEFINITIONS = (
					"DEBUG=1",
					"$(inherited)",
				);
				GCC_WARN_64_TO_32_BIT_CONVERSION = YES;
				GCC_WARN_ABOUT_RETURN_TYPE = YES_ERROR;
				GCC_WARN_UNDECLARED_SELECTOR = YES;
				GCC_WARN_UNINITIALIZED_AUTOS = YES_AGGRESSIVE;
				GCC_WARN_UNUSED_FUNCTION = YES;
				GCC_WARN_UNUSED_VARIABLE = YES;
				IPHONEOS_DEPLOYMENT_TARGET = 9.2;
				MTL_ENABLE_DEBUG_INFO = YES;
				ONLY_ACTIVE_ARCH = YES;
				SDKROOT = iphoneos;
			};
			name = Debug;
		};
		AAEFE83B1C2231210001076A /* Release */ = {
			isa = XCBuildConfiguration;
			buildSettings = {
				ALWAYS_SEARCH_USER_PATHS = NO;
				CLANG_CXX_LANGUAGE_STANDARD = "gnu++0x";
				CLANG_CXX_LIBRARY = "libc++";
				CLANG_ENABLE_MODULES = YES;
				CLANG_ENABLE_OBJC_ARC = YES;
				CLANG_WARN_BOOL_CONVERSION = YES;
				CLANG_WARN_CONSTANT_CONVERSION = YES;
				CLANG_WARN_DIRECT_OBJC_ISA_USAGE = YES_ERROR;
				CLANG_WARN_EMPTY_BODY = YES;
				CLANG_WARN_ENUM_CONVERSION = YES;
				CLANG_WARN_INT_CONVERSION = YES;
				CLANG_WARN_OBJC_ROOT_CLASS = YES_ERROR;
				CLANG_WARN_UNREACHABLE_CODE = YES;
				CLANG_WARN__DUPLICATE_METHOD_MATCH = YES;
				"CODE_SIGN_IDENTITY[sdk=iphoneos*]" = "iPhone Developer";
				COPY_PHASE_STRIP = NO;
				DEBUG_INFORMATION_FORMAT = "dwarf-with-dsym";
				ENABLE_NS_ASSERTIONS = NO;
				ENABLE_STRICT_OBJC_MSGSEND = YES;
				GCC_C_LANGUAGE_STANDARD = gnu99;
				GCC_NO_COMMON_BLOCKS = YES;
				GCC_WARN_64_TO_32_BIT_CONVERSION = YES;
				GCC_WARN_ABOUT_RETURN_TYPE = YES_ERROR;
				GCC_WARN_UNDECLARED_SELECTOR = YES;
				GCC_WARN_UNINITIALIZED_AUTOS = YES_AGGRESSIVE;
				GCC_WARN_UNUSED_FUNCTION = YES;
				GCC_WARN_UNUSED_VARIABLE = YES;
				IPHONEOS_DEPLOYMENT_TARGET = 9.2;
				MTL_ENABLE_DEBUG_INFO = NO;
				SDKROOT = iphoneos;
				VALIDATE_PRODUCT = YES;
			};
			name = Release;
		};
		AAEFE83D1C2231210001076A /* Debug */ = {
			isa = XCBuildConfiguration;
			buildSettings = {
				ASSETCATALOG_COMPILER_APPICON_NAME = AppIcon;
				INFOPLIST_FILE = VideoGameHotkeys/Info.plist;
				LD_RUNPATH_SEARCH_PATHS = "$(inherited) @executable_path/Frameworks";
				PRODUCT_BUNDLE_IDENTIFIER = reeves.VideoGameHotkeys;
				PRODUCT_NAME = "$(TARGET_NAME)";
			};
			name = Debug;
		};
		AAEFE83E1C2231210001076A /* Release */ = {
			isa = XCBuildConfiguration;
			buildSettings = {
				ASSETCATALOG_COMPILER_APPICON_NAME = AppIcon;
				INFOPLIST_FILE = VideoGameHotkeys/Info.plist;
				LD_RUNPATH_SEARCH_PATHS = "$(inherited) @executable_path/Frameworks";
				PRODUCT_BUNDLE_IDENTIFIER = reeves.VideoGameHotkeys;
				PRODUCT_NAME = "$(TARGET_NAME)";
			};
			name = Release;
		};
		AAEFE8401C2231210001076A /* Debug */ = {
			isa = XCBuildConfiguration;
			buildSettings = {
				BUNDLE_LOADER = "$(TEST_HOST)";
				INFOPLIST_FILE = VideoGameHotkeysTests/Info.plist;
				LD_RUNPATH_SEARCH_PATHS = "$(inherited) @executable_path/Frameworks @loader_path/Frameworks";
				PRODUCT_BUNDLE_IDENTIFIER = reeves.VideoGameHotkeysTests;
				PRODUCT_NAME = "$(TARGET_NAME)";
				TEST_HOST = "$(BUILT_PRODUCTS_DIR)/VideoGameHotkeys.app/VideoGameHotkeys";
			};
			name = Debug;
		};
		AAEFE8411C2231210001076A /* Release */ = {
			isa = XCBuildConfiguration;
			buildSettings = {
				BUNDLE_LOADER = "$(TEST_HOST)";
				INFOPLIST_FILE = VideoGameHotkeysTests/Info.plist;
				LD_RUNPATH_SEARCH_PATHS = "$(inherited) @executable_path/Frameworks @loader_path/Frameworks";
				PRODUCT_BUNDLE_IDENTIFIER = reeves.VideoGameHotkeysTests;
				PRODUCT_NAME = "$(TARGET_NAME)";
				TEST_HOST = "$(BUILT_PRODUCTS_DIR)/VideoGameHotkeys.app/VideoGameHotkeys";
			};
			name = Release;
		};
		AAEFE8431C2231210001076A /* Debug */ = {
			isa = XCBuildConfiguration;
			buildSettings = {
				INFOPLIST_FILE = VideoGameHotkeysUITests/Info.plist;
				LD_RUNPATH_SEARCH_PATHS = "$(inherited) @executable_path/Frameworks @loader_path/Frameworks";
				PRODUCT_BUNDLE_IDENTIFIER = reeves.VideoGameHotkeysUITests;
				PRODUCT_NAME = "$(TARGET_NAME)";
				TEST_TARGET_NAME = VideoGameHotkeys;
				USES_XCTRUNNER = YES;
			};
			name = Debug;
		};
		AAEFE8441C2231210001076A /* Release */ = {
			isa = XCBuildConfiguration;
			buildSettings = {
				INFOPLIST_FILE = VideoGameHotkeysUITests/Info.plist;
				LD_RUNPATH_SEARCH_PATHS = "$(inherited) @executable_path/Frameworks @loader_path/Frameworks";
				PRODUCT_BUNDLE_IDENTIFIER = reeves.VideoGameHotkeysUITests;
				PRODUCT_NAME = "$(TARGET_NAME)";
				TEST_TARGET_NAME = VideoGameHotkeys;
				USES_XCTRUNNER = YES;
			};
			name = Release;
		};
/* End XCBuildConfiguration section */

/* Begin XCConfigurationList section */
		AAEFE80D1C2231200001076A /* Build configuration list for PBXProject "VideoGameHotkeys" */ = {
			isa = XCConfigurationList;
			buildConfigurations = (
				AAEFE83A1C2231210001076A /* Debug */,
				AAEFE83B1C2231210001076A /* Release */,
			);
			defaultConfigurationIsVisible = 0;
			defaultConfigurationName = Release;
		};
		AAEFE83C1C2231210001076A /* Build configuration list for PBXNativeTarget "VideoGameHotkeys" */ = {
			isa = XCConfigurationList;
			buildConfigurations = (
				AAEFE83D1C2231210001076A /* Debug */,
				AAEFE83E1C2231210001076A /* Release */,
			);
			defaultConfigurationIsVisible = 0;
			defaultConfigurationName = Release;
		};
		AAEFE83F1C2231210001076A /* Build configuration list for PBXNativeTarget "VideoGameHotkeysTests" */ = {
			isa = XCConfigurationList;
			buildConfigurations = (
				AAEFE8401C2231210001076A /* Debug */,
				AAEFE8411C2231210001076A /* Release */,
			);
			defaultConfigurationIsVisible = 0;
			defaultConfigurationName = Release;
		};
		AAEFE8421C2231210001076A /* Build configuration list for PBXNativeTarget "VideoGameHotkeysUITests" */ = {
			isa = XCConfigurationList;
			buildConfigurations = (
				AAEFE8431C2231210001076A /* Debug */,
				AAEFE8441C2231210001076A /* Release */,
			);
			defaultConfigurationIsVisible = 0;
			defaultConfigurationName = Release;
		};
/* End XCConfigurationList section */

/* Begin XCVersionGroup section */
		AACBCF5B1C2268780013B46A /* Model.xcdatamodeld */ = {
			isa = XCVersionGroup;
			children = (
				AACBCF5C1C2268780013B46A /* Model.xcdatamodel */,
			);
			currentVersion = AACBCF5C1C2268780013B46A /* Model.xcdatamodel */;
			path = Model.xcdatamodeld;
			sourceTree = "<group>";
			versionGroupType = wrapper.xcdatamodel;
		};
/* End XCVersionGroup section */
	};
	rootObject = AAEFE80A1C2231200001076A /* Project object */;
}
